PODS:
  - Dependiject (0.3.0)
  - MockingbirdFramework (0.20.0)

DEPENDENCIES:
  - Dependiject (from `../`)
  - MockingbirdFramework (~> 0.20)

SPEC REPOS:
  trunk:
    - MockingbirdFramework

EXTERNAL SOURCES:
  Dependiject:
    :path: "../"

SPEC CHECKSUMS:
  Dependiject: 5ae7d97714c3ab3a4ffe0a33e4f71a3e91966ea2
  MockingbirdFramework: 54e35fbbb47b806c1a1fae2cf3ef99f6eceb55e5

PODFILE CHECKSUM: 36b8602ef54137bf035edec6b6d987f87e3dfa23

COCOAPODS: 1.11.3
