// !$*UTF8*$!
{
	archiveVersion = 1;
	classes = {
	};
	objectVersion = 55;
	objects = {

/* Begin PBXBuildFile section */
		01486CF4AC4ED268A6180F04 /* Pods_Dependiject_Tests.framework in Frameworks */ = {isa = PBXBuildFile; fileRef = 25201CCA6173D2A55C17B40F /* Pods_Dependiject_Tests.framework */; };
		634A103B282974E100526130 /* PrimaryView.swift in Sources */ = {isa = PBXBuildFile; fileRef = 634A103A282974E100526130 /* PrimaryView.swift */; };
		634A103D2829765F00526130 /* SecondaryView.swift in Sources */ = {isa = PBXBuildFile; fileRef = 634A103C2829765F00526130 /* SecondaryView.swift */; };
		634A103F282977EF00526130 /* SecondaryViewModel.swift in Sources */ = {isa = PBXBuildFile; fileRef = 634A103E282977EF00526130 /* SecondaryViewModel.swift */; };
		634A104128298D9A00526130 /* SecondaryViewModelTests.swift in Sources */ = {isa = PBXBuildFile; fileRef = 634A104028298D9A00526130 /* SecondaryViewModelTests.swift */; };
		634A104328298E2B00526130 /* Models.swift in Sources */ = {isa = PBXBuildFile; fileRef = 634A104228298E2B00526130 /* Models.swift */; };
		B04E16BE2B8341833E454522 /* Pods_Dependiject_Example.framework in Frameworks */ = {isa = PBXBuildFile; fileRef = ACF4B530DCD0A8E818DED893 /* Pods_Dependiject_Example.framework */; };
		EC21F6982CAEEDA00039FA2E /* DataFetcherMock.swift in Sources */ = {isa = PBXBuildFile; fileRef = EC21F6972CAEEDA00039FA2E /* DataFetcherMock.swift */; };
		EC21F69A2CAEEE7A0039FA2E /* DataValidatorMock.swift in Sources */ = {isa = PBXBuildFile; fileRef = EC21F6992CAEEE7A0039FA2E /* DataValidatorMock.swift */; };
		EC21F69C2CAEEF330039FA2E /* DataStateManagerMock.swift in Sources */ = {isa = PBXBuildFile; fileRef = EC21F69B2CAEEF330039FA2E /* DataStateManagerMock.swift */; };
		EC4C0DDD27FC888100D97DD6 /* Dependiject_ExampleApp.swift in Sources */ = {isa = PBXBuildFile; fileRef = EC4C0DDC27FC888100D97DD6 /* Dependiject_ExampleApp.swift */; };
		EC4C0DDF27FC888100D97DD6 /* ContentView.swift in Sources */ = {isa = PBXBuildFile; fileRef = EC4C0DDE27FC888100D97DD6 /* ContentView.swift */; };
		EC4C0DE127FC888200D97DD6 /* Assets.xcassets in Resources */ = {isa = PBXBuildFile; fileRef = EC4C0DE027FC888200D97DD6 /* Assets.xcassets */; };
		EC4C0DE427FC888200D97DD6 /* Preview Assets.xcassets in Resources */ = {isa = PBXBuildFile; fileRef = EC4C0DE327FC888200D97DD6 /* Preview Assets.xcassets */; };
		EC4C0DEE27FC888300D97DD6 /* PrimaryViewModelTests.swift in Sources */ = {isa = PBXBuildFile; fileRef = EC4C0DED27FC888300D97DD6 /* PrimaryViewModelTests.swift */; };
		ECCC43322804727E006BED31 /* PrimaryViewModel.swift in Sources */ = {isa = PBXBuildFile; fileRef = ECCC43312804727E006BED31 /* PrimaryViewModel.swift */; };
		ECCC4334280472B4006BED31 /* Services.swift in Sources */ = {isa = PBXBuildFile; fileRef = ECCC4333280472B4006BED31 /* Services.swift */; };
/* End PBXBuildFile section */

/* Begin PBXContainerItemProxy section */
		EC4C0DEA27FC888300D97DD6 /* PBXContainerItemProxy */ = {
			isa = PBXContainerItemProxy;
			containerPortal = EC4C0DD127FC888100D97DD6 /* Project object */;
			proxyType = 1;
			remoteGlobalIDString = EC4C0DD827FC888100D97DD6;
			remoteInfo = swiftdi_Example;
		};
/* End PBXContainerItemProxy section */

/* Begin PBXFileReference section */
		25201CCA6173D2A55C17B40F /* Pods_Dependiject_Tests.framework */ = {isa = PBXFileReference; explicitFileType = wrapper.framework; includeInIndex = 0; path = Pods_Dependiject_Tests.framework; sourceTree = BUILT_PRODUCTS_DIR; };
		4A64C8AEDCD3B098F9B2D473 /* Pods-swiftdi_Example.debug.xcconfig */ = {isa = PBXFileReference; includeInIndex = 1; lastKnownFileType = text.xcconfig; name = "Pods-swiftdi_Example.debug.xcconfig"; path = "Target Support Files/Pods-swiftdi_Example/Pods-swiftdi_Example.debug.xcconfig"; sourceTree = "<group>"; };
		634A103A282974E100526130 /* PrimaryView.swift */ = {isa = PBXFileReference; lastKnownFileType = sourcecode.swift; path = PrimaryView.swift; sourceTree = "<group>"; };
		634A103C2829765F00526130 /* SecondaryView.swift */ = {isa = PBXFileReference; lastKnownFileType = sourcecode.swift; path = SecondaryView.swift; sourceTree = "<group>"; };
		634A103E282977EF00526130 /* SecondaryViewModel.swift */ = {isa = PBXFileReference; lastKnownFileType = sourcecode.swift; path = SecondaryViewModel.swift; sourceTree = "<group>"; };
		634A104028298D9A00526130 /* SecondaryViewModelTests.swift */ = {isa = PBXFileReference; lastKnownFileType = sourcecode.swift; path = SecondaryViewModelTests.swift; sourceTree = "<group>"; };
		634A104228298E2B00526130 /* Models.swift */ = {isa = PBXFileReference; lastKnownFileType = sourcecode.swift; path = Models.swift; sourceTree = "<group>"; };
		639428914B6FEFDF8FFD03F2 /* Pods-swiftdi_Example.release.xcconfig */ = {isa = PBXFileReference; includeInIndex = 1; lastKnownFileType = text.xcconfig; name = "Pods-swiftdi_Example.release.xcconfig"; path = "Target Support Files/Pods-swiftdi_Example/Pods-swiftdi_Example.release.xcconfig"; sourceTree = "<group>"; };
		662439428C62CE3C428DEFDE /* Pods-Dependiject_Tests.debug.xcconfig */ = {isa = PBXFileReference; includeInIndex = 1; lastKnownFileType = text.xcconfig; name = "Pods-Dependiject_Tests.debug.xcconfig"; path = "Target Support Files/Pods-Dependiject_Tests/Pods-Dependiject_Tests.debug.xcconfig"; sourceTree = "<group>"; };
		6E353DD13C19DC9678C5F51A /* Pods-swiftdi_Tests.release.xcconfig */ = {isa = PBXFileReference; includeInIndex = 1; lastKnownFileType = text.xcconfig; name = "Pods-swiftdi_Tests.release.xcconfig"; path = "Target Support Files/Pods-swiftdi_Tests/Pods-swiftdi_Tests.release.xcconfig"; sourceTree = "<group>"; };
		799636C1301A6213D23E4413 /* Pods-swiftdi_Tests.debug.xcconfig */ = {isa = PBXFileReference; includeInIndex = 1; lastKnownFileType = text.xcconfig; name = "Pods-swiftdi_Tests.debug.xcconfig"; path = "Target Support Files/Pods-swiftdi_Tests/Pods-swiftdi_Tests.debug.xcconfig"; sourceTree = "<group>"; };
		9E009C847A29ECBC8B6DFA16 /* Pods-Dependiject_Example.debug.xcconfig */ = {isa = PBXFileReference; includeInIndex = 1; lastKnownFileType = text.xcconfig; name = "Pods-Dependiject_Example.debug.xcconfig"; path = "Target Support Files/Pods-Dependiject_Example/Pods-Dependiject_Example.debug.xcconfig"; sourceTree = "<group>"; };
		ACF4B530DCD0A8E818DED893 /* Pods_Dependiject_Example.framework */ = {isa = PBXFileReference; explicitFileType = wrapper.framework; includeInIndex = 0; path = Pods_Dependiject_Example.framework; sourceTree = BUILT_PRODUCTS_DIR; };
		BB52462D6CBCCA06501CF173 /* Pods-Dependiject_Example.release.xcconfig */ = {isa = PBXFileReference; includeInIndex = 1; lastKnownFileType = text.xcconfig; name = "Pods-Dependiject_Example.release.xcconfig"; path = "Target Support Files/Pods-Dependiject_Example/Pods-Dependiject_Example.release.xcconfig"; sourceTree = "<group>"; };
		EC21F6972CAEEDA00039FA2E /* DataFetcherMock.swift */ = {isa = PBXFileReference; lastKnownFileType = sourcecode.swift; path = DataFetcherMock.swift; sourceTree = "<group>"; };
		EC21F6992CAEEE7A0039FA2E /* DataValidatorMock.swift */ = {isa = PBXFileReference; lastKnownFileType = sourcecode.swift; path = DataValidatorMock.swift; sourceTree = "<group>"; };
		EC21F69B2CAEEF330039FA2E /* DataStateManagerMock.swift */ = {isa = PBXFileReference; lastKnownFileType = sourcecode.swift; path = DataStateManagerMock.swift; sourceTree = "<group>"; };
		EC4C0DD927FC888100D97DD6 /* Dependiject_Example.app */ = {isa = PBXFileReference; explicitFileType = wrapper.application; includeInIndex = 0; path = Dependiject_Example.app; sourceTree = BUILT_PRODUCTS_DIR; };
		EC4C0DDC27FC888100D97DD6 /* Dependiject_ExampleApp.swift */ = {isa = PBXFileReference; lastKnownFileType = sourcecode.swift; path = Dependiject_ExampleApp.swift; sourceTree = "<group>"; };
		EC4C0DDE27FC888100D97DD6 /* ContentView.swift */ = {isa = PBXFileReference; lastKnownFileType = sourcecode.swift; path = ContentView.swift; sourceTree = "<group>"; };
		EC4C0DE027FC888200D97DD6 /* Assets.xcassets */ = {isa = PBXFileReference; lastKnownFileType = folder.assetcatalog; path = Assets.xcassets; sourceTree = "<group>"; };
		EC4C0DE327FC888200D97DD6 /* Preview Assets.xcassets */ = {isa = PBXFileReference; lastKnownFileType = folder.assetcatalog; path = "Preview Assets.xcassets"; sourceTree = "<group>"; };
		EC4C0DE927FC888300D97DD6 /* Dependiject_Tests.xctest */ = {isa = PBXFileReference; explicitFileType = wrapper.cfbundle; includeInIndex = 0; path = Dependiject_Tests.xctest; sourceTree = BUILT_PRODUCTS_DIR; };
		EC4C0DED27FC888300D97DD6 /* PrimaryViewModelTests.swift */ = {isa = PBXFileReference; lastKnownFileType = sourcecode.swift; path = PrimaryViewModelTests.swift; sourceTree = "<group>"; };
		ECCC43312804727E006BED31 /* PrimaryViewModel.swift */ = {isa = PBXFileReference; lastKnownFileType = sourcecode.swift; path = PrimaryViewModel.swift; sourceTree = "<group>"; };
		ECCC4333280472B4006BED31 /* Services.swift */ = {isa = PBXFileReference; lastKnownFileType = sourcecode.swift; path = Services.swift; sourceTree = "<group>"; };
		ED13DE09199B08AAC34CCC47 /* Pods-Dependiject_Tests.release.xcconfig */ = {isa = PBXFileReference; includeInIndex = 1; lastKnownFileType = text.xcconfig; name = "Pods-Dependiject_Tests.release.xcconfig"; path = "Target Support Files/Pods-Dependiject_Tests/Pods-Dependiject_Tests.release.xcconfig"; sourceTree = "<group>"; };
/* End PBXFileReference section */

/* Begin PBXFrameworksBuildPhase section */
		EC4C0DD627FC888100D97DD6 /* Frameworks */ = {
			isa = PBXFrameworksBuildPhase;
			buildActionMask = 2147483647;
			files = (
				B04E16BE2B8341833E454522 /* Pods_Dependiject_Example.framework in Frameworks */,
			);
			runOnlyForDeploymentPostprocessing = 0;
		};
		EC4C0DE627FC888300D97DD6 /* Frameworks */ = {
			isa = PBXFrameworksBuildPhase;
			buildActionMask = 2147483647;
			files = (
				01486CF4AC4ED268A6180F04 /* Pods_Dependiject_Tests.framework in Frameworks */,
			);
			runOnlyForDeploymentPostprocessing = 0;
		};
/* End PBXFrameworksBuildPhase section */

/* Begin PBXGroup section */
		0992EF7B737954B4C086140D /* Frameworks */ = {
			isa = PBXGroup;
			children = (
				ACF4B530DCD0A8E818DED893 /* Pods_Dependiject_Example.framework */,
				25201CCA6173D2A55C17B40F /* Pods_Dependiject_Tests.framework */,
			);
			name = Frameworks;
			sourceTree = "<group>";
		};
		71D9C3A767723400161B3887 /* Pods */ = {
			isa = PBXGroup;
			children = (
				4A64C8AEDCD3B098F9B2D473 /* Pods-swiftdi_Example.debug.xcconfig */,
				639428914B6FEFDF8FFD03F2 /* Pods-swiftdi_Example.release.xcconfig */,
				799636C1301A6213D23E4413 /* Pods-swiftdi_Tests.debug.xcconfig */,
				6E353DD13C19DC9678C5F51A /* Pods-swiftdi_Tests.release.xcconfig */,
				9E009C847A29ECBC8B6DFA16 /* Pods-Dependiject_Example.debug.xcconfig */,
				BB52462D6CBCCA06501CF173 /* Pods-Dependiject_Example.release.xcconfig */,
				662439428C62CE3C428DEFDE /* Pods-Dependiject_Tests.debug.xcconfig */,
				ED13DE09199B08AAC34CCC47 /* Pods-Dependiject_Tests.release.xcconfig */,
			);
			path = Pods;
			sourceTree = "<group>";
		};
		EC21F6962CAEED7D0039FA2E /* Mocks */ = {
			isa = PBXGroup;
			children = (
				EC21F6972CAEEDA00039FA2E /* DataFetcherMock.swift */,
				EC21F6992CAEEE7A0039FA2E /* DataValidatorMock.swift */,
				EC21F69B2CAEEF330039FA2E /* DataStateManagerMock.swift */,
			);
			path = Mocks;
			sourceTree = "<group>";
		};
		EC4C0DD027FC888100D97DD6 = {
			isa = PBXGroup;
			children = (
				EC4C0DDB27FC888100D97DD6 /* Dependiject_Example */,
				EC4C0DEC27FC888300D97DD6 /* Dependiject_ExampleTests */,
				EC4C0DDA27FC888100D97DD6 /* Products */,
				71D9C3A767723400161B3887 /* Pods */,
				0992EF7B737954B4C086140D /* Frameworks */,
			);
			sourceTree = "<group>";
		};
		EC4C0DDA27FC888100D97DD6 /* Products */ = {
			isa = PBXGroup;
			children = (
				EC4C0DD927FC888100D97DD6 /* Dependiject_Example.app */,
				EC4C0DE927FC888300D97DD6 /* Dependiject_Tests.xctest */,
			);
			name = Products;
			sourceTree = "<group>";
		};
		EC4C0DDB27FC888100D97DD6 /* Dependiject_Example */ = {
			isa = PBXGroup;
			children = (
				EC4C0DDC27FC888100D97DD6 /* Dependiject_ExampleApp.swift */,
				EC4C0DDE27FC888100D97DD6 /* ContentView.swift */,
				ECCC43312804727E006BED31 /* PrimaryViewModel.swift */,
				ECCC4333280472B4006BED31 /* Services.swift */,
				EC4C0DE027FC888200D97DD6 /* Assets.xcassets */,
				EC4C0DE227FC888200D97DD6 /* Preview Content */,
				634A103A282974E100526130 /* PrimaryView.swift */,
				634A103C2829765F00526130 /* SecondaryView.swift */,
				634A103E282977EF00526130 /* SecondaryViewModel.swift */,
				634A104228298E2B00526130 /* Models.swift */,
			);
			path = Dependiject_Example;
			sourceTree = "<group>";
		};
		EC4C0DE227FC888200D97DD6 /* Preview Content */ = {
			isa = PBXGroup;
			children = (
				EC4C0DE327FC888200D97DD6 /* Preview Assets.xcassets */,
			);
			path = "Preview Content";
			sourceTree = "<group>";
		};
		EC4C0DEC27FC888300D97DD6 /* Dependiject_ExampleTests */ = {
			isa = PBXGroup;
			children = (
				EC21F6962CAEED7D0039FA2E /* Mocks */,
				EC4C0DED27FC888300D97DD6 /* PrimaryViewModelTests.swift */,
				634A104028298D9A00526130 /* SecondaryViewModelTests.swift */,
			);
			path = Dependiject_ExampleTests;
			sourceTree = "<group>";
		};
/* End PBXGroup section */

/* Begin PBXNativeTarget section */
		EC4C0DD827FC888100D97DD6 /* Dependiject_Example */ = {
			isa = PBXNativeTarget;
			buildConfigurationList = EC4C0DFD27FC888300D97DD6 /* Build configuration list for PBXNativeTarget "Dependiject_Example" */;
			buildPhases = (
				6160C14367786126E2ED1DF6 /* [CP] Check Pods Manifest.lock */,
				EC4C0DD527FC888100D97DD6 /* Sources */,
				EC4C0DD627FC888100D97DD6 /* Frameworks */,
				EC4C0DD727FC888100D97DD6 /* Resources */,
				6EBE12961B83E7B5A8D65BEB /* [CP] Embed Pods Frameworks */,
			);
			buildRules = (
			);
			dependencies = (
			);
			name = Dependiject_Example;
			productName = swiftdi_Example;
			productReference = EC4C0DD927FC888100D97DD6 /* Dependiject_Example.app */;
			productType = "com.apple.product-type.application";
		};
		EC4C0DE827FC888300D97DD6 /* Dependiject_Tests */ = {
			isa = PBXNativeTarget;
			buildConfigurationList = EC4C0E0027FC888300D97DD6 /* Build configuration list for PBXNativeTarget "Dependiject_Tests" */;
			buildPhases = (
				F25636EC500511D2F3C3311C /* [CP] Check Pods Manifest.lock */,
				EC4C0DE527FC888300D97DD6 /* Sources */,
				EC4C0DE627FC888300D97DD6 /* Frameworks */,
				EC4C0DE727FC888300D97DD6 /* Resources */,
				FC8AC82576C31563890B4D6B /* [CP] Embed Pods Frameworks */,
			);
			buildRules = (
			);
			dependencies = (
				EC4C0DEB27FC888300D97DD6 /* PBXTargetDependency */,
			);
			name = Dependiject_Tests;
			productName = swiftdi_ExampleTests;
			productReference = EC4C0DE927FC888300D97DD6 /* Dependiject_Tests.xctest */;
			productType = "com.apple.product-type.bundle.unit-test";
		};
/* End PBXNativeTarget section */

/* Begin PBXProject section */
		EC4C0DD127FC888100D97DD6 /* Project object */ = {
			isa = PBXProject;
			attributes = {
				BuildIndependentTargetsInParallel = 1;
				LastSwiftUpdateCheck = 1330;
				LastUpgradeCheck = 1330;
				TargetAttributes = {
					EC4C0DD827FC888100D97DD6 = {
						CreatedOnToolsVersion = 13.3;
					};
					EC4C0DE827FC888300D97DD6 = {
						CreatedOnToolsVersion = 13.3;
						TestTargetID = EC4C0DD827FC888100D97DD6;
					};
				};
			};
			buildConfigurationList = EC4C0DD427FC888100D97DD6 /* Build configuration list for PBXProject "Dependiject_Example" */;
			compatibilityVersion = "Xcode 13.0";
			developmentRegion = en;
			hasScannedForEncodings = 0;
			knownRegions = (
				en,
				Base,
			);
			mainGroup = EC4C0DD027FC888100D97DD6;
			productRefGroup = EC4C0DDA27FC888100D97DD6 /* Products */;
			projectDirPath = "";
			projectRoot = "";
			targets = (
				EC4C0DD827FC888100D97DD6 /* Dependiject_Example */,
				EC4C0DE827FC888300D97DD6 /* Dependiject_Tests */,
			);
		};
/* End PBXProject section */

/* Begin PBXResourcesBuildPhase section */
		EC4C0DD727FC888100D97DD6 /* Resources */ = {
			isa = PBXResourcesBuildPhase;
			buildActionMask = 2147483647;
			files = (
				EC4C0DE427FC888200D97DD6 /* Preview Assets.xcassets in Resources */,
				EC4C0DE127FC888200D97DD6 /* Assets.xcassets in Resources */,
			);
			runOnlyForDeploymentPostprocessing = 0;
		};
		EC4C0DE727FC888300D97DD6 /* Resources */ = {
			isa = PBXResourcesBuildPhase;
			buildActionMask = 2147483647;
			files = (
			);
			runOnlyForDeploymentPostprocessing = 0;
		};
/* End PBXResourcesBuildPhase section */

/* Begin PBXShellScriptBuildPhase section */
		6160C14367786126E2ED1DF6 /* [CP] Check Pods Manifest.lock */ = {
			isa = PBXShellScriptBuildPhase;
			buildActionMask = 2147483647;
			files = (
			);
			inputFileListPaths = (
			);
			inputPaths = (
				"${PODS_PODFILE_DIR_PATH}/Podfile.lock",
				"${PODS_ROOT}/Manifest.lock",
			);
			name = "[CP] Check Pods Manifest.lock";
			outputFileListPaths = (
			);
			outputPaths = (
				"$(DERIVED_FILE_DIR)/Pods-Dependiject_Example-checkManifestLockResult.txt",
			);
			runOnlyForDeploymentPostprocessing = 0;
			shellPath = /bin/sh;
			shellScript = "diff \"${PODS_PODFILE_DIR_PATH}/Podfile.lock\" \"${PODS_ROOT}/Manifest.lock\" > /dev/null\nif [ $? != 0 ] ; then\n    # print error to STDERR\n    echo \"error: The sandbox is not in sync with the Podfile.lock. Run 'pod install' or update your CocoaPods installation.\" >&2\n    exit 1\nfi\n# This output is used by Xcode 'outputs' to avoid re-running this script phase.\necho \"SUCCESS\" > \"${SCRIPT_OUTPUT_FILE_0}\"\n";
			showEnvVarsInLog = 0;
		};
		6EBE12961B83E7B5A8D65BEB /* [CP] Embed Pods Frameworks */ = {
			isa = PBXShellScriptBuildPhase;
			buildActionMask = 2147483647;
			files = (
			);
			inputFileListPaths = (
				"${PODS_ROOT}/Target Support Files/Pods-Dependiject_Example/Pods-Dependiject_Example-frameworks-${CONFIGURATION}-input-files.xcfilelist",
			);
			name = "[CP] Embed Pods Frameworks";
			outputFileListPaths = (
				"${PODS_ROOT}/Target Support Files/Pods-Dependiject_Example/Pods-Dependiject_Example-frameworks-${CONFIGURATION}-output-files.xcfilelist",
			);
			runOnlyForDeploymentPostprocessing = 0;
			shellPath = /bin/sh;
			shellScript = "\"${PODS_ROOT}/Target Support Files/Pods-Dependiject_Example/Pods-Dependiject_Example-frameworks.sh\"\n";
			showEnvVarsInLog = 0;
		};
		F25636EC500511D2F3C3311C /* [CP] Check Pods Manifest.lock */ = {
			isa = PBXShellScriptBuildPhase;
			buildActionMask = 2147483647;
			files = (
			);
			inputFileListPaths = (
			);
			inputPaths = (
				"${PODS_PODFILE_DIR_PATH}/Podfile.lock",
				"${PODS_ROOT}/Manifest.lock",
			);
			name = "[CP] Check Pods Manifest.lock";
			outputFileListPaths = (
			);
			outputPaths = (
				"$(DERIVED_FILE_DIR)/Pods-Dependiject_Tests-checkManifestLockResult.txt",
			);
			runOnlyForDeploymentPostprocessing = 0;
			shellPath = /bin/sh;
			shellScript = "diff \"${PODS_PODFILE_DIR_PATH}/Podfile.lock\" \"${PODS_ROOT}/Manifest.lock\" > /dev/null\nif [ $? != 0 ] ; then\n    # print error to STDERR\n    echo \"error: The sandbox is not in sync with the Podfile.lock. Run 'pod install' or update your CocoaPods installation.\" >&2\n    exit 1\nfi\n# This output is used by Xcode 'outputs' to avoid re-running this script phase.\necho \"SUCCESS\" > \"${SCRIPT_OUTPUT_FILE_0}\"\n";
			showEnvVarsInLog = 0;
		};
		FC8AC82576C31563890B4D6B /* [CP] Embed Pods Frameworks */ = {
			isa = PBXShellScriptBuildPhase;
			buildActionMask = 2147483647;
			files = (
			);
			inputFileListPaths = (
				"${PODS_ROOT}/Target Support Files/Pods-Dependiject_Tests/Pods-Dependiject_Tests-frameworks-${CONFIGURATION}-input-files.xcfilelist",
			);
			name = "[CP] Embed Pods Frameworks";
			outputFileListPaths = (
				"${PODS_ROOT}/Target Support Files/Pods-Dependiject_Tests/Pods-Dependiject_Tests-frameworks-${CONFIGURATION}-output-files.xcfilelist",
			);
			runOnlyForDeploymentPostprocessing = 0;
			shellPath = /bin/sh;
			shellScript = "\"${PODS_ROOT}/Target Support Files/Pods-Dependiject_Tests/Pods-Dependiject_Tests-frameworks.sh\"\n";
			showEnvVarsInLog = 0;
		};
/* End PBXShellScriptBuildPhase section */

/* Begin PBXSourcesBuildPhase section */
		EC4C0DD527FC888100D97DD6 /* Sources */ = {
			isa = PBXSourcesBuildPhase;
			buildActionMask = 2147483647;
			files = (
				EC4C0DDF27FC888100D97DD6 /* ContentView.swift in Sources */,
				634A103D2829765F00526130 /* SecondaryView.swift in Sources */,
				ECCC4334280472B4006BED31 /* Services.swift in Sources */,
				634A104328298E2B00526130 /* Models.swift in Sources */,
				EC4C0DDD27FC888100D97DD6 /* Dependiject_ExampleApp.swift in Sources */,
				ECCC43322804727E006BED31 /* PrimaryViewModel.swift in Sources */,
				634A103B282974E100526130 /* PrimaryView.swift in Sources */,
				634A103F282977EF00526130 /* SecondaryViewModel.swift in Sources */,
			);
			runOnlyForDeploymentPostprocessing = 0;
		};
		EC4C0DE527FC888300D97DD6 /* Sources */ = {
			isa = PBXSourcesBuildPhase;
			buildActionMask = 2147483647;
			files = (
				EC21F69A2CAEEE7A0039FA2E /* DataValidatorMock.swift in Sources */,
				EC21F6982CAEEDA00039FA2E /* DataFetcherMock.swift in Sources */,
				634A104128298D9A00526130 /* SecondaryViewModelTests.swift in Sources */,
				EC4C0DEE27FC888300D97DD6 /* PrimaryViewModelTests.swift in Sources */,
				EC21F69C2CAEEF330039FA2E /* DataStateManagerMock.swift in Sources */,
			);
			runOnlyForDeploymentPostprocessing = 0;
		};
/* End PBXSourcesBuildPhase section */

/* Begin PBXTargetDependency section */
		EC4C0DEB27FC888300D97DD6 /* PBXTargetDependency */ = {
			isa = PBXTargetDependency;
			target = EC4C0DD827FC888100D97DD6 /* Dependiject_Example */;
			targetProxy = EC4C0DEA27FC888300D97DD6 /* PBXContainerItemProxy */;
		};
/* End PBXTargetDependency section */

/* Begin XCBuildConfiguration section */
		EC4C0DFB27FC888300D97DD6 /* Debug */ = {
			isa = XCBuildConfiguration;
			buildSettings = {
				ALWAYS_SEARCH_USER_PATHS = NO;
				CLANG_ANALYZER_NONNULL = YES;
				CLANG_ANALYZER_NUMBER_OBJECT_CONVERSION = YES_AGGRESSIVE;
				CLANG_CXX_LANGUAGE_STANDARD = "gnu++17";
				CLANG_ENABLE_MODULES = YES;
				CLANG_ENABLE_OBJC_ARC = YES;
				CLANG_ENABLE_OBJC_WEAK = YES;
				CLANG_WARN_BLOCK_CAPTURE_AUTORELEASING = YES;
				CLANG_WARN_BOOL_CONVERSION = YES;
				CLANG_WARN_COMMA = YES;
				CLANG_WARN_CONSTANT_CONVERSION = YES;
				CLANG_WARN_DEPRECATED_OBJC_IMPLEMENTATIONS = YES;
				CLANG_WARN_DIRECT_OBJC_ISA_USAGE = YES_ERROR;
				CLANG_WARN_DOCUMENTATION_COMMENTS = YES;
				CLANG_WARN_EMPTY_BODY = YES;
				CLANG_WARN_ENUM_CONVERSION = YES;
				CLANG_WARN_INFINITE_RECURSION = YES;
				CLANG_WARN_INT_CONVERSION = YES;
				CLANG_WARN_NON_LITERAL_NULL_CONVERSION = YES;
				CLANG_WARN_OBJC_IMPLICIT_RETAIN_SELF = YES;
				CLANG_WARN_OBJC_LITERAL_CONVERSION = YES;
				CLANG_WARN_OBJC_ROOT_CLASS = YES_ERROR;
				CLANG_WARN_QUOTED_INCLUDE_IN_FRAMEWORK_HEADER = YES;
				CLANG_WARN_RANGE_LOOP_ANALYSIS = YES;
				CLANG_WARN_STRICT_PROTOTYPES = YES;
				CLANG_WARN_SUSPICIOUS_MOVE = YES;
				CLANG_WARN_UNGUARDED_AVAILABILITY = YES_AGGRESSIVE;
				CLANG_WARN_UNREACHABLE_CODE = YES;
				CLANG_WARN__DUPLICATE_METHOD_MATCH = YES;
				COPY_PHASE_STRIP = NO;
				DEBUG_INFORMATION_FORMAT = dwarf;
				ENABLE_STRICT_OBJC_MSGSEND = YES;
				ENABLE_TESTABILITY = YES;
				GCC_C_LANGUAGE_STANDARD = gnu11;
				GCC_DYNAMIC_NO_PIC = NO;
				GCC_NO_COMMON_BLOCKS = YES;
				GCC_OPTIMIZATION_LEVEL = 0;
				GCC_PREPROCESSOR_DEFINITIONS = (
					"DEBUG=1",
					"$(inherited)",
				);
				GCC_WARN_64_TO_32_BIT_CONVERSION = YES;
				GCC_WARN_ABOUT_RETURN_TYPE = YES_ERROR;
				GCC_WARN_UNDECLARED_SELECTOR = YES;
				GCC_WARN_UNINITIALIZED_AUTOS = YES_AGGRESSIVE;
				GCC_WARN_UNUSED_FUNCTION = YES;
				GCC_WARN_UNUSED_VARIABLE = YES;
				IPHONEOS_DEPLOYMENT_TARGET = 18.0;
				MTL_ENABLE_DEBUG_INFO = INCLUDE_SOURCE;
				MTL_FAST_MATH = YES;
				ONLY_ACTIVE_ARCH = YES;
				SDKROOT = iphoneos;
				SWIFT_ACTIVE_COMPILATION_CONDITIONS = DEBUG;
				SWIFT_OPTIMIZATION_LEVEL = "-Onone";
				SWIFT_VERSION = 6.0;
			};
			name = Debug;
		};
		EC4C0DFC27FC888300D97DD6 /* Release */ = {
			isa = XCBuildConfiguration;
			buildSettings = {
				ALWAYS_SEARCH_USER_PATHS = NO;
				CLANG_ANALYZER_NONNULL = YES;
				CLANG_ANALYZER_NUMBER_OBJECT_CONVERSION = YES_AGGRESSIVE;
				CLANG_CXX_LANGUAGE_STANDARD = "gnu++17";
				CLANG_ENABLE_MODULES = YES;
				CLANG_ENABLE_OBJC_ARC = YES;
				CLANG_ENABLE_OBJC_WEAK = YES;
				CLANG_WARN_BLOCK_CAPTURE_AUTORELEASING = YES;
				CLANG_WARN_BOOL_CONVERSION = YES;
				CLANG_WARN_COMMA = YES;
				CLANG_WARN_CONSTANT_CONVERSION = YES;
				CLANG_WARN_DEPRECATED_OBJC_IMPLEMENTATIONS = YES;
				CLANG_WARN_DIRECT_OBJC_ISA_USAGE = YES_ERROR;
				CLANG_WARN_DOCUMENTATION_COMMENTS = YES;
				CLANG_WARN_EMPTY_BODY = YES;
				CLANG_WARN_ENUM_CONVERSION = YES;
				CLANG_WARN_INFINITE_RECURSION = YES;
				CLANG_WARN_INT_CONVERSION = YES;
				CLANG_WARN_NON_LITERAL_NULL_CONVERSION = YES;
				CLANG_WARN_OBJC_IMPLICIT_RETAIN_SELF = YES;
				CLANG_WARN_OBJC_LITERAL_CONVERSION = YES;
				CLANG_WARN_OBJC_ROOT_CLASS = YES_ERROR;
				CLANG_WARN_QUOTED_INCLUDE_IN_FRAMEWORK_HEADER = YES;
				CLANG_WARN_RANGE_LOOP_ANALYSIS = YES;
				CLANG_WARN_STRICT_PROTOTYPES = YES;
				CLANG_WARN_SUSPICIOUS_MOVE = YES;
				CLANG_WARN_UNGUARDED_AVAILABILITY = YES_AGGRESSIVE;
				CLANG_WARN_UNREACHABLE_CODE = YES;
				CLANG_WARN__DUPLICATE_METHOD_MATCH = YES;
				COPY_PHASE_STRIP = NO;
				DEBUG_INFORMATION_FORMAT = "dwarf-with-dsym";
				ENABLE_NS_ASSERTIONS = NO;
				ENABLE_STRICT_OBJC_MSGSEND = YES;
				GCC_C_LANGUAGE_STANDARD = gnu11;
				GCC_NO_COMMON_BLOCKS = YES;
				GCC_WARN_64_TO_32_BIT_CONVERSION = YES;
				GCC_WARN_ABOUT_RETURN_TYPE = YES_ERROR;
				GCC_WARN_UNDECLARED_SELECTOR = YES;
				GCC_WARN_UNINITIALIZED_AUTOS = YES_AGGRESSIVE;
				GCC_WARN_UNUSED_FUNCTION = YES;
				GCC_WARN_UNUSED_VARIABLE = YES;
				IPHONEOS_DEPLOYMENT_TARGET = 18.0;
				MTL_ENABLE_DEBUG_INFO = NO;
				MTL_FAST_MATH = YES;
				SDKROOT = iphoneos;
				SWIFT_COMPILATION_MODE = wholemodule;
				SWIFT_OPTIMIZATION_LEVEL = "-O";
				SWIFT_VERSION = 6.0;
				VALIDATE_PRODUCT = YES;
			};
			name = Release;
		};
		EC4C0DFE27FC888300D97DD6 /* Debug */ = {
			isa = XCBuildConfiguration;
			baseConfigurationReference = 9E009C847A29ECBC8B6DFA16 /* Pods-Dependiject_Example.debug.xcconfig */;
			buildSettings = {
				ASSETCATALOG_COMPILER_APPICON_NAME = AppIcon;
				ASSETCATALOG_COMPILER_GLOBAL_ACCENT_COLOR_NAME = AccentColor;
				CODE_SIGN_STYLE = Automatic;
				CURRENT_PROJECT_VERSION = 1;
				DEVELOPMENT_ASSET_PATHS = "\"Dependiject_Example/Preview Content\"";
				DEVELOPMENT_TEAM = 58M9BSD2K4;
				ENABLE_PREVIEWS = YES;
				GENERATE_INFOPLIST_FILE = YES;
				INFOPLIST_KEY_UIApplicationSceneManifest_Generation = YES;
				INFOPLIST_KEY_UIApplicationSupportsIndirectInputEvents = YES;
				INFOPLIST_KEY_UILaunchScreen_Generation = YES;
				INFOPLIST_KEY_UISupportedInterfaceOrientations_iPad = "UIInterfaceOrientationPortrait UIInterfaceOrientationPortraitUpsideDown UIInterfaceOrientationLandscapeLeft UIInterfaceOrientationLandscapeRight";
				INFOPLIST_KEY_UISupportedInterfaceOrientations_iPhone = "UIInterfaceOrientationPortrait UIInterfaceOrientationLandscapeLeft UIInterfaceOrientationLandscapeRight";
				IPHONEOS_DEPLOYMENT_TARGET = 18.0;
				LD_RUNPATH_SEARCH_PATHS = (
					"$(inherited)",
					"@executable_path/Frameworks",
				);
				MARKETING_VERSION = 1.0;
				PRODUCT_BUNDLE_IDENTIFIER = "com.bbrk24.Dependiject-Example";
				PRODUCT_NAME = "$(TARGET_NAME)";
				SWIFT_EMIT_LOC_STRINGS = YES;
				SWIFT_VERSION = 6.0;
				TARGETED_DEVICE_FAMILY = "1,2";
			};
			name = Debug;
		};
		EC4C0DFF27FC888300D97DD6 /* Release */ = {
			isa = XCBuildConfiguration;
			baseConfigurationReference = BB52462D6CBCCA06501CF173 /* Pods-Dependiject_Example.release.xcconfig */;
			buildSettings = {
				ASSETCATALOG_COMPILER_APPICON_NAME = AppIcon;
				ASSETCATALOG_COMPILER_GLOBAL_ACCENT_COLOR_NAME = AccentColor;
				CODE_SIGN_STYLE = Automatic;
				CURRENT_PROJECT_VERSION = 1;
				DEVELOPMENT_ASSET_PATHS = "\"Dependiject_Example/Preview Content\"";
				DEVELOPMENT_TEAM = 58M9BSD2K4;
				ENABLE_PREVIEWS = YES;
				GENERATE_INFOPLIST_FILE = YES;
				INFOPLIST_KEY_UIApplicationSceneManifest_Generation = YES;
				INFOPLIST_KEY_UIApplicationSupportsIndirectInputEvents = YES;
				INFOPLIST_KEY_UILaunchScreen_Generation = YES;
				INFOPLIST_KEY_UISupportedInterfaceOrientations_iPad = "UIInterfaceOrientationPortrait UIInterfaceOrientationPortraitUpsideDown UIInterfaceOrientationLandscapeLeft UIInterfaceOrientationLandscapeRight";
				INFOPLIST_KEY_UISupportedInterfaceOrientations_iPhone = "UIInterfaceOrientationPortrait UIInterfaceOrientationLandscapeLeft UIInterfaceOrientationLandscapeRight";
				IPHONEOS_DEPLOYMENT_TARGET = 18.0;
				LD_RUNPATH_SEARCH_PATHS = (
					"$(inherited)",
					"@executable_path/Frameworks",
				);
				MARKETING_VERSION = 1.0;
				PRODUCT_BUNDLE_IDENTIFIER = "com.bbrk24.Dependiject-Example";
				PRODUCT_NAME = "$(TARGET_NAME)";
				SWIFT_EMIT_LOC_STRINGS = YES;
				SWIFT_VERSION = 6.0;
				TARGETED_DEVICE_FAMILY = "1,2";
			};
			name = Release;
		};
		EC4C0E0127FC888300D97DD6 /* Debug */ = {
			isa = XCBuildConfiguration;
			baseConfigurationReference = 662439428C62CE3C428DEFDE /* Pods-Dependiject_Tests.debug.xcconfig */;
			buildSettings = {
				ALWAYS_EMBED_SWIFT_STANDARD_LIBRARIES = "$(inherited)";
				BUNDLE_LOADER = "$(TEST_HOST)";
				CODE_SIGN_STYLE = Automatic;
				CURRENT_PROJECT_VERSION = 1;
				DEVELOPMENT_TEAM = 58M9BSD2K4;
				GENERATE_INFOPLIST_FILE = YES;
				IPHONEOS_DEPLOYMENT_TARGET = 18.0;
				MARKETING_VERSION = 1.0;
				PRODUCT_BUNDLE_IDENTIFIER = "com.bbrk24.Dependiject-ExampleTests";
				PRODUCT_NAME = "$(TARGET_NAME)";
				SWIFT_EMIT_LOC_STRINGS = NO;
				SWIFT_VERSION = 6.0;
				TARGETED_DEVICE_FAMILY = "1,2";
				TEST_HOST = "$(BUILT_PRODUCTS_DIR)/Dependiject_Example.app/Dependiject_Example";
			};
			name = Debug;
		};
		EC4C0E0227FC888300D97DD6 /* Release */ = {
			isa = XCBuildConfiguration;
			baseConfigurationReference = ED13DE09199B08AAC34CCC47 /* Pods-Dependiject_Tests.release.xcconfig */;
			buildSettings = {
				ALWAYS_EMBED_SWIFT_STANDARD_LIBRARIES = "$(inherited)";
				BUNDLE_LOADER = "$(TEST_HOST)";
				CODE_SIGN_STYLE = Automatic;
				CURRENT_PROJECT_VERSION = 1;
				DEVELOPMENT_TEAM = 58M9BSD2K4;
				GENERATE_INFOPLIST_FILE = YES;
				IPHONEOS_DEPLOYMENT_TARGET = 18.0;
				MARKETING_VERSION = 1.0;
				PRODUCT_BUNDLE_IDENTIFIER = "com.bbrk24.Dependiject-ExampleTests";
				PRODUCT_NAME = "$(TARGET_NAME)";
				SWIFT_EMIT_LOC_STRINGS = NO;
				SWIFT_VERSION = 6.0;
				TARGETED_DEVICE_FAMILY = "1,2";
				TEST_HOST = "$(BUILT_PRODUCTS_DIR)/Dependiject_Example.app/Dependiject_Example";
			};
			name = Release;
		};
/* End XCBuildConfiguration section */

/* Begin XCConfigurationList section */
		EC4C0DD427FC888100D97DD6 /* Build configuration list for PBXProject "Dependiject_Example" */ = {
			isa = XCConfigurationList;
			buildConfigurations = (
				EC4C0DFB27FC888300D97DD6 /* Debug */,
				EC4C0DFC27FC888300D97DD6 /* Release */,
			);
			defaultConfigurationIsVisible = 0;
			defaultConfigurationName = Release;
		};
		EC4C0DFD27FC888300D97DD6 /* Build configuration list for PBXNativeTarget "Dependiject_Example" */ = {
			isa = XCConfigurationList;
			buildConfigurations = (
				EC4C0DFE27FC888300D97DD6 /* Debug */,
				EC4C0DFF27FC888300D97DD6 /* Release */,
			);
			defaultConfigurationIsVisible = 0;
			defaultConfigurationName = Release;
		};
		EC4C0E0027FC888300D97DD6 /* Build configuration list for PBXNativeTarget "Dependiject_Tests" */ = {
			isa = XCConfigurationList;
			buildConfigurations = (
				EC4C0E0127FC888300D97DD6 /* Debug */,
				EC4C0E0227FC888300D97DD6 /* Release */,
			);
			defaultConfigurationIsVisible = 0;
			defaultConfigurationName = Release;
		};
/* End XCConfigurationList section */
	};
	rootObject = EC4C0DD127FC888100D97DD6 /* Project object */;
}
