PODS:
  - Dependiject (1.1.0)
  - MockingbirdFramework (0.20.0)

DEPENDENCIES:
  - Dependiject (from `../`)
  - MockingbirdFramework (~> 0.20)

SPEC REPOS:
  trunk:
    - MockingbirdFramework

EXTERNAL SOURCES:
  Dependiject:
    :path: "../"

SPEC CHECKSUMS:
  Dependiject: bce7444b92580b663c73f7503950952db9233552
  MockingbirdFramework: 54e35fbbb47b806c1a1fae2cf3ef99f6eceb55e5

PODFILE CHECKSUM: 8b19bacc7326bb5fa155fd0bbe689850b9a06311

COCOAPODS: 1.15.2
