PODS:
  - MockingbirdFramework (0.20.0)
  - swiftdi (0.1.0)

DEPENDENCIES:
  - MockingbirdFramework (~> 0.20)
  - swiftdi (from `../`)

SPEC REPOS:
  trunk:
    - MockingbirdFramework

EXTERNAL SOURCES:
  swiftdi:
    :path: "../"

SPEC CHECKSUMS:
  MockingbirdFramework: 54e35fbbb47b806c1a1fae2cf3ef99f6eceb55e5
  swiftdi: 789bb20a5d9e77ba8bb5009c0d84b2267ca532da

PODFILE CHECKSUM: ff84e668d0d6d92f4b9cad0befcb5a2198cfe594

COCOAPODS: 1.11.3
